
Microsoft Visual Studio Solution File, Format Version 12.00
# Visual Studio Version 16
VisualStudioVersion = 16.0.31019.35
MinimumVisualStudioVersion = 10.0.40219.1
Project("{FAE04EC0-301F-11D3-BF4B-00C04F79EFBC}") = "ConsoleApp14", "ConsoleApp14.csproj", "{D6F324FC-5153-464F-8D6D-14806AEF4771}"
EndProject
Global
	GlobalSection(SolutionConfigurationPlatforms) = preSolution
		Debug|Any CPU = Debug|Any CPU
		Release|Any CPU = Release|Any CPU
	EndGlobalSection
	GlobalSection(ProjectConfigurationPlatforms) = postSolution
		{D6F324FC-5153-464F-8D6D-14806AEF4771}.Debug|Any CPU.ActiveCfg = Debug|Any CPU
		{D6F324FC-5153-464F-8D6D-14806AEF4771}.Debug|Any CPU.Build.0 = Debug|Any CPU
		{D6F324FC-5153-464F-8D6D-14806AEF4771}.Release|Any CPU.ActiveCfg = Release|Any CPU
		{D6F324FC-5153-464F-8D6D-14806AEF4771}.Release|Any CPU.Build.0 = Release|Any CPU
	EndGlobalSection
	GlobalSection(SolutionProperties) = preSolution
		HideSolutionNode = FALSE
	EndGlobalSection
	GlobalSection(ExtensibilityGlobals) = postSolution
		SolutionGuid = {3E237C28-6B5A-4773-B72D-42D21C6D05D9}
	EndGlobalSection
EndGlobal
